
Microsoft Visual Studio Solution File, Format Version 12.00
# Visual Studio Version 16
VisualStudioVersion = 16.0.31105.61
MinimumVisualStudioVersion = 10.0.40219.1
Project("{FAE04EC0-301F-11D3-BF4B-00C04F79EFBC}") = "ShopQuanAo", "ShopQuanAo\ShopQuanAo.csproj", "{1BF3E2AF-C806-44A4-BB2E-4A9C205844E0}"
EndProject
Project("{FAE04EC0-301F-11D3-BF4B-00C04F79EFBC}") = "Models", "Models\Models.csproj", "{D15A4D5B-0424-4305-8E20-CCE938C97B2A}"
EndProject
Global
	GlobalSection(SolutionConfigurationPlatforms) = preSolution
		Debug|Any CPU = Debug|Any CPU
		Release|Any CPU = Release|Any CPU
	EndGlobalSection
	GlobalSection(ProjectConfigurationPlatforms) = postSolution
		{1BF3E2AF-C806-44A4-BB2E-4A9C205844E0}.Debug|Any CPU.ActiveCfg = Debug|Any CPU
		{1BF3E2AF-C806-44A4-BB2E-4A9C205844E0}.Debug|Any CPU.Build.0 = Debug|Any CPU
		{1BF3E2AF-C806-44A4-BB2E-4A9C205844E0}.Release|Any CPU.ActiveCfg = Release|Any CPU
		{1BF3E2AF-C806-44A4-BB2E-4A9C205844E0}.Release|Any CPU.Build.0 = Release|Any CPU
		{D15A4D5B-0424-4305-8E20-CCE938C97B2A}.Debug|Any CPU.ActiveCfg = Debug|Any CPU
		{D15A4D5B-0424-4305-8E20-CCE938C97B2A}.Debug|Any CPU.Build.0 = Debug|Any CPU
		{D15A4D5B-0424-4305-8E20-CCE938C97B2A}.Release|Any CPU.ActiveCfg = Release|Any CPU
		{D15A4D5B-0424-4305-8E20-CCE938C97B2A}.Release|Any CPU.Build.0 = Release|Any CPU
	EndGlobalSection
	GlobalSection(SolutionProperties) = preSolution
		HideSolutionNode = FALSE
	EndGlobalSection
	GlobalSection(ExtensibilityGlobals) = postSolution
		SolutionGuid = {480A66AB-0B88-43D6-8E0F-C42CC6BB5C70}
	EndGlobalSection
EndGlobal
